
Microsoft Visual Studio Solution File, Format Version 12.00
# Visual Studio Version 17
VisualStudioVersion = 17.4.33103.184
MinimumVisualStudioVersion = 10.0.40219.1
Project("{FAE04EC0-301F-11D3-BF4B-00C04F79EFBC}") = "HealthClinic_tarde", "HealthClinic_tarde.csproj", "{B18940D4-DC2C-45C9-BB52-F6BAA88612AF}"
EndProject
Global
	GlobalSection(SolutionConfigurationPlatforms) = preSolution
		Debug|Any CPU = Debug|Any CPU
		Release|Any CPU = Release|Any CPU
	EndGlobalSection
	GlobalSection(ProjectConfigurationPlatforms) = postSolution
		{B18940D4-DC2C-45C9-BB52-F6BAA88612AF}.Debug|Any CPU.ActiveCfg = Debug|Any CPU
		{B18940D4-DC2C-45C9-BB52-F6BAA88612AF}.Debug|Any CPU.Build.0 = Debug|Any CPU
		{B18940D4-DC2C-45C9-BB52-F6BAA88612AF}.Release|Any CPU.ActiveCfg = Release|Any CPU
		{B18940D4-DC2C-45C9-BB52-F6BAA88612AF}.Release|Any CPU.Build.0 = Release|Any CPU
	EndGlobalSection
	GlobalSection(SolutionProperties) = preSolution
		HideSolutionNode = FALSE
	EndGlobalSection
	GlobalSection(ExtensibilityGlobals) = postSolution
		SolutionGuid = {59E81C10-975B-45E2-81D8-DEAC102809F5}
	EndGlobalSection
EndGlobal
