
Microsoft Visual Studio Solution File, Format Version 12.00
# Visual Studio Version 17
VisualStudioVersion = 17.4.33103.184
MinimumVisualStudioVersion = 10.0.40219.1
Project("{FAE04EC0-301F-11D3-BF4B-00C04F79EFBC}") = "webapi.inlock_codefirst", "webapi.inlock_codefirst.csproj", "{C75C6E39-3E68-442D-8C68-5F4FDA6D8C44}"
EndProject
Global
	GlobalSection(SolutionConfigurationPlatforms) = preSolution
		Debug|Any CPU = Debug|Any CPU
		Release|Any CPU = Release|Any CPU
	EndGlobalSection
	GlobalSection(ProjectConfigurationPlatforms) = postSolution
		{C75C6E39-3E68-442D-8C68-5F4FDA6D8C44}.Debug|Any CPU.ActiveCfg = Debug|Any CPU
		{C75C6E39-3E68-442D-8C68-5F4FDA6D8C44}.Debug|Any CPU.Build.0 = Debug|Any CPU
		{C75C6E39-3E68-442D-8C68-5F4FDA6D8C44}.Release|Any CPU.ActiveCfg = Release|Any CPU
		{C75C6E39-3E68-442D-8C68-5F4FDA6D8C44}.Release|Any CPU.Build.0 = Release|Any CPU
	EndGlobalSection
	GlobalSection(SolutionProperties) = preSolution
		HideSolutionNode = FALSE
	EndGlobalSection
	GlobalSection(ExtensibilityGlobals) = postSolution
		SolutionGuid = {4C14A984-21A2-452A-9F8D-A499D466480C}
	EndGlobalSection
EndGlobal
