
Microsoft Visual Studio Solution File, Format Version 12.00
# Visual Studio Version 17
VisualStudioVersion = 17.4.33103.184
MinimumVisualStudioVersion = 10.0.40219.1
Project("{FAE04EC0-301F-11D3-BF4B-00C04F79EFBC}") = "webapi.event+.tarde", "webapi.event+.tarde.csproj", "{D25473A8-2995-4228-8989-E31E0C227846}"
EndProject
Global
	GlobalSection(SolutionConfigurationPlatforms) = preSolution
		Debug|Any CPU = Debug|Any CPU
		Release|Any CPU = Release|Any CPU
	EndGlobalSection
	GlobalSection(ProjectConfigurationPlatforms) = postSolution
		{D25473A8-2995-4228-8989-E31E0C227846}.Debug|Any CPU.ActiveCfg = Debug|Any CPU
		{D25473A8-2995-4228-8989-E31E0C227846}.Debug|Any CPU.Build.0 = Debug|Any CPU
		{D25473A8-2995-4228-8989-E31E0C227846}.Release|Any CPU.ActiveCfg = Release|Any CPU
		{D25473A8-2995-4228-8989-E31E0C227846}.Release|Any CPU.Build.0 = Release|Any CPU
	EndGlobalSection
	GlobalSection(SolutionProperties) = preSolution
		HideSolutionNode = FALSE
	EndGlobalSection
	GlobalSection(ExtensibilityGlobals) = postSolution
		SolutionGuid = {4B631943-2059-4DD6-ACD3-DB7F4AF8026B}
	EndGlobalSection
EndGlobal
